
Microsoft Visual Studio Solution File, Format Version 12.00
# Visual Studio 2013
VisualStudioVersion = 12.0.31101.0
MinimumVisualStudioVersion = 10.0.40219.1
Project("{FAE04EC0-301F-11D3-BF4B-00C04F79EFBC}") = "SHA3", "SHA3\SHA3.csproj", "{247EA570-CA55-47C5-B50C-CBCE72161A4F}"
EndProject
Project("{FAE04EC0-301F-11D3-BF4B-00C04F79EFBC}") = "SHA3.Tests", "SHA3.Tests\SHA3.Tests.csproj", "{8C2AD221-2C0F-4AC6-8271-024473AC3153}"
EndProject
Project("{FAE04EC0-301F-11D3-BF4B-00C04F79EFBC}") = "SHA3.Tools", "SHA3.Tools\SHA3.Tools.csproj", "{0680B9BA-8EC4-4C2E-AB4E-9C868346C866}"
EndProject
Global
	GlobalSection(SolutionConfigurationPlatforms) = preSolution
		Debug|Any CPU = Debug|Any CPU
		Release|Any CPU = Release|Any CPU
	EndGlobalSection
	GlobalSection(ProjectConfigurationPlatforms) = postSolution
		{247EA570-CA55-47C5-B50C-CBCE72161A4F}.Debug|Any CPU.ActiveCfg = Debug|Any CPU
		{247EA570-CA55-47C5-B50C-CBCE72161A4F}.Debug|Any CPU.Build.0 = Debug|Any CPU
		{247EA570-CA55-47C5-B50C-CBCE72161A4F}.Release|Any CPU.ActiveCfg = Release|Any CPU
		{247EA570-CA55-47C5-B50C-CBCE72161A4F}.Release|Any CPU.Build.0 = Release|Any CPU
		{8C2AD221-2C0F-4AC6-8271-024473AC3153}.Debug|Any CPU.ActiveCfg = Debug|Any CPU
		{8C2AD221-2C0F-4AC6-8271-024473AC3153}.Debug|Any CPU.Build.0 = Debug|Any CPU
		{8C2AD221-2C0F-4AC6-8271-024473AC3153}.Release|Any CPU.ActiveCfg = Release|Any CPU
		{8C2AD221-2C0F-4AC6-8271-024473AC3153}.Release|Any CPU.Build.0 = Release|Any CPU
		{0680B9BA-8EC4-4C2E-AB4E-9C868346C866}.Debug|Any CPU.ActiveCfg = Debug|Any CPU
		{0680B9BA-8EC4-4C2E-AB4E-9C868346C866}.Debug|Any CPU.Build.0 = Debug|Any CPU
		{0680B9BA-8EC4-4C2E-AB4E-9C868346C866}.Release|Any CPU.ActiveCfg = Release|Any CPU
		{0680B9BA-8EC4-4C2E-AB4E-9C868346C866}.Release|Any CPU.Build.0 = Release|Any CPU
	EndGlobalSection
	GlobalSection(SolutionProperties) = preSolution
		HideSolutionNode = FALSE
	EndGlobalSection
EndGlobal
